
Microsoft Visual Studio Solution File, Format Version 12.00
# Visual Studio 15
VisualStudioVersion = 15.0.27004.2005
MinimumVisualStudioVersion = 10.0.40219.1
Project("{8BC9CEB8-8B4A-11D0-8D11-00A0C91BC942}") = "BP", "BP\BP.vcxproj", "{C27AB839-A5C1-49FA-ADB4-AD4B404E1B80}"
EndProject
Global
	GlobalSection(SolutionConfigurationPlatforms) = preSolution
		Debug|x64 = Debug|x64
		Debug|x86 = Debug|x86
		Release|x64 = Release|x64
		Release|x86 = Release|x86
	EndGlobalSection
	GlobalSection(ProjectConfigurationPlatforms) = postSolution
		{C27AB839-A5C1-49FA-ADB4-AD4B404E1B80}.Debug|x64.ActiveCfg = Debug|x64
		{C27AB839-A5C1-49FA-ADB4-AD4B404E1B80}.Debug|x64.Build.0 = Debug|x64
		{C27AB839-A5C1-49FA-ADB4-AD4B404E1B80}.Debug|x86.ActiveCfg = Debug|Win32
		{C27AB839-A5C1-49FA-ADB4-AD4B404E1B80}.Debug|x86.Build.0 = Debug|Win32
		{C27AB839-A5C1-49FA-ADB4-AD4B404E1B80}.Release|x64.ActiveCfg = Release|x64
		{C27AB839-A5C1-49FA-ADB4-AD4B404E1B80}.Release|x64.Build.0 = Release|x64
		{C27AB839-A5C1-49FA-ADB4-AD4B404E1B80}.Release|x86.ActiveCfg = Release|Win32
		{C27AB839-A5C1-49FA-ADB4-AD4B404E1B80}.Release|x86.Build.0 = Release|Win32
	EndGlobalSection
	GlobalSection(SolutionProperties) = preSolution
		HideSolutionNode = FALSE
	EndGlobalSection
	GlobalSection(ExtensibilityGlobals) = postSolution
		SolutionGuid = {14C60D34-54DB-4D5C-8726-4FEE992E59A9}
	EndGlobalSection
EndGlobal
